
Microsoft Visual Studio Solution File, Format Version 12.00
# Visual Studio 15
VisualStudioVersion = 15.0.27004.2005
MinimumVisualStudioVersion = 10.0.40219.1
Project("{FAE04EC0-301F-11D3-BF4B-00C04F79EFBC}") = "SynthTest", "SynthTest.csproj", "{E2290EE1-C7A7-42E7-A8F7-6E37B61D3035}"
EndProject
Global
	GlobalSection(SolutionConfigurationPlatforms) = preSolution
		Debug|x64 = Debug|x64
		Release|x64 = Release|x64
	EndGlobalSection
	GlobalSection(ProjectConfigurationPlatforms) = postSolution
		{E2290EE1-C7A7-42E7-A8F7-6E37B61D3035}.Debug|x64.ActiveCfg = Debug|x64
		{E2290EE1-C7A7-42E7-A8F7-6E37B61D3035}.Debug|x64.Build.0 = Debug|x64
		{E2290EE1-C7A7-42E7-A8F7-6E37B61D3035}.Release|x64.ActiveCfg = Release|x64
		{E2290EE1-C7A7-42E7-A8F7-6E37B61D3035}.Release|x64.Build.0 = Release|x64
	EndGlobalSection
	GlobalSection(SolutionProperties) = preSolution
		HideSolutionNode = FALSE
	EndGlobalSection
	GlobalSection(ExtensibilityGlobals) = postSolution
		SolutionGuid = {043DB5FE-9BC9-4214-8F60-BC57EEDD4DCF}
	EndGlobalSection
EndGlobal
